
Microsoft Visual Studio Solution File, Format Version 12.00
# Visual Studio Version 16
VisualStudioVersion = 16.0.29613.14
MinimumVisualStudioVersion = 10.0.40219.1
Project("{FAE04EC0-301F-11D3-BF4B-00C04F79EFBC}") = "desaySV", "desaySV\desaySV.csproj", "{58797427-282B-4E55-B135-6EEA1D5B3BB9}"
	ProjectSection(ProjectDependencies) = postProject
		{65DC8D39-186B-4380-AA3C-67ADB6E82034} = {65DC8D39-186B-4380-AA3C-67ADB6E82034}
		{1F782795-1298-4371-81B3-C113F8642F82} = {1F782795-1298-4371-81B3-C113F8642F82}
		{1F87E4A0-4286-4AE4-B890-FA51B83A34D3} = {1F87E4A0-4286-4AE4-B890-FA51B83A34D3}
		{50A140A8-4AAD-4446-B5F6-50FCB0EE6752} = {50A140A8-4AAD-4446-B5F6-50FCB0EE6752}
		{F403BCB8-513F-4485-8456-4D30981B7A30} = {F403BCB8-513F-4485-8456-4D30981B7A30}
	EndProjectSection
EndProject
Project("{FAE04EC0-301F-11D3-BF4B-00C04F79EFBC}") = "ConfigPath", "ConfigPath\ConfigPath.csproj", "{FBB81835-9127-4D80-84DF-E7DE8728BC7C}"
EndProject
Project("{FAE04EC0-301F-11D3-BF4B-00C04F79EFBC}") = "CMotion.Interfaces", "Interfaces\CMotion.Interfaces.csproj", "{E87BBF52-F612-40BB-AD3D-D6A20FD635B1}"
EndProject
Project("{FAE04EC0-301F-11D3-BF4B-00C04F79EFBC}") = "AxisControlls", "AxisControlls\AxisControlls.csproj", "{3AE70DE9-30B1-471B-BF27-10A4B6A45158}"
EndProject
Project("{FAE04EC0-301F-11D3-BF4B-00C04F79EFBC}") = "System.Enginee", "Enginee\System.Enginee.csproj", "{BF2FB01D-3D28-42F1-907E-7DE72433784F}"
EndProject
Project("{FAE04EC0-301F-11D3-BF4B-00C04F79EFBC}") = "JobNumber", "JobNumber\JobNumber\JobNumber\JobNumber.csproj", "{E4FC3F2F-98AF-487A-B89F-5BE20EBF278F}"
EndProject
Project("{FAE04EC0-301F-11D3-BF4B-00C04F79EFBC}") = "LogHeper", "LogHeper\LogHeper.csproj", "{16DD8990-9E25-4A4A-859C-572481920833}"
EndProject
Project("{FAE04EC0-301F-11D3-BF4B-00C04F79EFBC}") = "System.ToolKit", "System.ToolKit\System.ToolKit.csproj", "{EF59B053-6939-4338-BB28-6CC2030BC0E1}"
EndProject
Project("{FAE04EC0-301F-11D3-BF4B-00C04F79EFBC}") = "InterLocking", "InterLocking\InterLocking.csproj", "{C1EAB09D-5472-47AC-9554-7566DDD892F7}"
EndProject
Project("{FAE04EC0-301F-11D3-BF4B-00C04F79EFBC}") = "Software.Device", "Software.Device\Software.Device.csproj", "{EEC0ED61-1D8A-4160-A45A-00268172BEC9}"
EndProject
Project("{FAE04EC0-301F-11D3-BF4B-00C04F79EFBC}") = "Motion.Tray", "Tray\Motion.Tray.csproj", "{E1772E47-415B-44E2-8E2F-3CC4B5F2A039}"
EndProject
Project("{FAE04EC0-301F-11D3-BF4B-00C04F79EFBC}") = "CMotion.AdlinkAps_8164", "AdlinkAps\AdlinkAps8164\CMotion.AdlinkAps_8164.csproj", "{F403BCB8-513F-4485-8456-4D30981B7A30}"
EndProject
Project("{FAE04EC0-301F-11D3-BF4B-00C04F79EFBC}") = "CMotion.AdlinkAps_AMP204", "AdlinkAps\AdlinkApsAMP204\CMotion.AdlinkAps_AMP204.csproj", "{65DC8D39-186B-4380-AA3C-67ADB6E82034}"
EndProject
Project("{FAE04EC0-301F-11D3-BF4B-00C04F79EFBC}") = "CMotion.AdlinkDash", "AdlinkAps\AdlinkDash\CMotion.AdlinkDash.csproj", "{1F87E4A0-4286-4AE4-B890-FA51B83A34D3}"
EndProject
Project("{FAE04EC0-301F-11D3-BF4B-00C04F79EFBC}") = "CMotion.AdvantechAps", "AdvantechAps\AdvantechAps\CMotion.AdvantechAps.csproj", "{1F782795-1298-4371-81B3-C113F8642F82}"
EndProject
Project("{FAE04EC0-301F-11D3-BF4B-00C04F79EFBC}") = "CMotion.AdvantechDash", "AdvantechAps\AdvantechDash\CMotion.AdvantechDash.csproj", "{50A140A8-4AAD-4446-B5F6-50FCB0EE6752}"
EndProject
Project("{FAE04EC0-301F-11D3-BF4B-00C04F79EFBC}") = "YAMAHA", "YAMAHA\YAMAHA\YAMAHA.csproj", "{281FB35E-FE98-4929-95D2-C4BC74AF313B}"
EndProject
Global
	GlobalSection(SolutionConfigurationPlatforms) = preSolution
		Debug|Any CPU = Debug|Any CPU
		Debug|x64 = Debug|x64
		Release|Any CPU = Release|Any CPU
		Release|x64 = Release|x64
	EndGlobalSection
	GlobalSection(ProjectConfigurationPlatforms) = postSolution
		{58797427-282B-4E55-B135-6EEA1D5B3BB9}.Debug|Any CPU.ActiveCfg = Debug|Any CPU
		{58797427-282B-4E55-B135-6EEA1D5B3BB9}.Debug|Any CPU.Build.0 = Debug|Any CPU
		{58797427-282B-4E55-B135-6EEA1D5B3BB9}.Debug|x64.ActiveCfg = Debug|x64
		{58797427-282B-4E55-B135-6EEA1D5B3BB9}.Debug|x64.Build.0 = Debug|x64
		{58797427-282B-4E55-B135-6EEA1D5B3BB9}.Release|Any CPU.ActiveCfg = Release|Any CPU
		{58797427-282B-4E55-B135-6EEA1D5B3BB9}.Release|Any CPU.Build.0 = Release|Any CPU
		{58797427-282B-4E55-B135-6EEA1D5B3BB9}.Release|x64.ActiveCfg = Release|x64
		{58797427-282B-4E55-B135-6EEA1D5B3BB9}.Release|x64.Build.0 = Release|x64
		{FBB81835-9127-4D80-84DF-E7DE8728BC7C}.Debug|Any CPU.ActiveCfg = Debug|Any CPU
		{FBB81835-9127-4D80-84DF-E7DE8728BC7C}.Debug|Any CPU.Build.0 = Debug|Any CPU
		{FBB81835-9127-4D80-84DF-E7DE8728BC7C}.Debug|x64.ActiveCfg = Debug|x64
		{FBB81835-9127-4D80-84DF-E7DE8728BC7C}.Debug|x64.Build.0 = Debug|x64
		{FBB81835-9127-4D80-84DF-E7DE8728BC7C}.Release|Any CPU.ActiveCfg = Release|Any CPU
		{FBB81835-9127-4D80-84DF-E7DE8728BC7C}.Release|Any CPU.Build.0 = Release|Any CPU
		{FBB81835-9127-4D80-84DF-E7DE8728BC7C}.Release|x64.ActiveCfg = Release|x64
		{FBB81835-9127-4D80-84DF-E7DE8728BC7C}.Release|x64.Build.0 = Release|x64
		{E87BBF52-F612-40BB-AD3D-D6A20FD635B1}.Debug|Any CPU.ActiveCfg = Debug|Any CPU
		{E87BBF52-F612-40BB-AD3D-D6A20FD635B1}.Debug|Any CPU.Build.0 = Debug|Any CPU
		{E87BBF52-F612-40BB-AD3D-D6A20FD635B1}.Debug|x64.ActiveCfg = Debug|x64
		{E87BBF52-F612-40BB-AD3D-D6A20FD635B1}.Debug|x64.Build.0 = Debug|x64
		{E87BBF52-F612-40BB-AD3D-D6A20FD635B1}.Release|Any CPU.ActiveCfg = Release|Any CPU
		{E87BBF52-F612-40BB-AD3D-D6A20FD635B1}.Release|Any CPU.Build.0 = Release|Any CPU
		{E87BBF52-F612-40BB-AD3D-D6A20FD635B1}.Release|x64.ActiveCfg = Release|x64
		{E87BBF52-F612-40BB-AD3D-D6A20FD635B1}.Release|x64.Build.0 = Release|x64
		{3AE70DE9-30B1-471B-BF27-10A4B6A45158}.Debug|Any CPU.ActiveCfg = Debug|Any CPU
		{3AE70DE9-30B1-471B-BF27-10A4B6A45158}.Debug|Any CPU.Build.0 = Debug|Any CPU
		{3AE70DE9-30B1-471B-BF27-10A4B6A45158}.Debug|x64.ActiveCfg = Debug|x64
		{3AE70DE9-30B1-471B-BF27-10A4B6A45158}.Debug|x64.Build.0 = Debug|x64
		{3AE70DE9-30B1-471B-BF27-10A4B6A45158}.Release|Any CPU.ActiveCfg = Release|Any CPU
		{3AE70DE9-30B1-471B-BF27-10A4B6A45158}.Release|Any CPU.Build.0 = Release|Any CPU
		{3AE70DE9-30B1-471B-BF27-10A4B6A45158}.Release|x64.ActiveCfg = Release|x64
		{3AE70DE9-30B1-471B-BF27-10A4B6A45158}.Release|x64.Build.0 = Release|x64
		{BF2FB01D-3D28-42F1-907E-7DE72433784F}.Debug|Any CPU.ActiveCfg = Debug|Any CPU
		{BF2FB01D-3D28-42F1-907E-7DE72433784F}.Debug|Any CPU.Build.0 = Debug|Any CPU
		{BF2FB01D-3D28-42F1-907E-7DE72433784F}.Debug|x64.ActiveCfg = Debug|x64
		{BF2FB01D-3D28-42F1-907E-7DE72433784F}.Debug|x64.Build.0 = Debug|x64
		{BF2FB01D-3D28-42F1-907E-7DE72433784F}.Release|Any CPU.ActiveCfg = Release|Any CPU
		{BF2FB01D-3D28-42F1-907E-7DE72433784F}.Release|Any CPU.Build.0 = Release|Any CPU
		{BF2FB01D-3D28-42F1-907E-7DE72433784F}.Release|x64.ActiveCfg = Release|x64
		{BF2FB01D-3D28-42F1-907E-7DE72433784F}.Release|x64.Build.0 = Release|x64
		{E4FC3F2F-98AF-487A-B89F-5BE20EBF278F}.Debug|Any CPU.ActiveCfg = Debug|Any CPU
		{E4FC3F2F-98AF-487A-B89F-5BE20EBF278F}.Debug|Any CPU.Build.0 = Debug|Any CPU
		{E4FC3F2F-98AF-487A-B89F-5BE20EBF278F}.Debug|x64.ActiveCfg = Debug|x64
		{E4FC3F2F-98AF-487A-B89F-5BE20EBF278F}.Debug|x64.Build.0 = Debug|x64
		{E4FC3F2F-98AF-487A-B89F-5BE20EBF278F}.Release|Any CPU.ActiveCfg = Release|Any CPU
		{E4FC3F2F-98AF-487A-B89F-5BE20EBF278F}.Release|Any CPU.Build.0 = Release|Any CPU
		{E4FC3F2F-98AF-487A-B89F-5BE20EBF278F}.Release|x64.ActiveCfg = Release|x64
		{E4FC3F2F-98AF-487A-B89F-5BE20EBF278F}.Release|x64.Build.0 = Release|x64
		{16DD8990-9E25-4A4A-859C-572481920833}.Debug|Any CPU.ActiveCfg = Debug|Any CPU
		{16DD8990-9E25-4A4A-859C-572481920833}.Debug|Any CPU.Build.0 = Debug|Any CPU
		{16DD8990-9E25-4A4A-859C-572481920833}.Debug|x64.ActiveCfg = Debug|x64
		{16DD8990-9E25-4A4A-859C-572481920833}.Debug|x64.Build.0 = Debug|x64
		{16DD8990-9E25-4A4A-859C-572481920833}.Release|Any CPU.ActiveCfg = Release|Any CPU
		{16DD8990-9E25-4A4A-859C-572481920833}.Release|Any CPU.Build.0 = Release|Any CPU
		{16DD8990-9E25-4A4A-859C-572481920833}.Release|x64.ActiveCfg = Release|x64
		{16DD8990-9E25-4A4A-859C-572481920833}.Release|x64.Build.0 = Release|x64
		{EF59B053-6939-4338-BB28-6CC2030BC0E1}.Debug|Any CPU.ActiveCfg = Debug|Any CPU
		{EF59B053-6939-4338-BB28-6CC2030BC0E1}.Debug|Any CPU.Build.0 = Debug|Any CPU
		{EF59B053-6939-4338-BB28-6CC2030BC0E1}.Debug|x64.ActiveCfg = Debug|x64
		{EF59B053-6939-4338-BB28-6CC2030BC0E1}.Debug|x64.Build.0 = Debug|x64
		{EF59B053-6939-4338-BB28-6CC2030BC0E1}.Release|Any CPU.ActiveCfg = Release|Any CPU
		{EF59B053-6939-4338-BB28-6CC2030BC0E1}.Release|Any CPU.Build.0 = Release|Any CPU
		{EF59B053-6939-4338-BB28-6CC2030BC0E1}.Release|x64.ActiveCfg = Release|x64
		{EF59B053-6939-4338-BB28-6CC2030BC0E1}.Release|x64.Build.0 = Release|x64
		{C1EAB09D-5472-47AC-9554-7566DDD892F7}.Debug|Any CPU.ActiveCfg = Debug|Any CPU
		{C1EAB09D-5472-47AC-9554-7566DDD892F7}.Debug|Any CPU.Build.0 = Debug|Any CPU
		{C1EAB09D-5472-47AC-9554-7566DDD892F7}.Debug|x64.ActiveCfg = Debug|x64
		{C1EAB09D-5472-47AC-9554-7566DDD892F7}.Debug|x64.Build.0 = Debug|x64
		{C1EAB09D-5472-47AC-9554-7566DDD892F7}.Release|Any CPU.ActiveCfg = Release|Any CPU
		{C1EAB09D-5472-47AC-9554-7566DDD892F7}.Release|Any CPU.Build.0 = Release|Any CPU
		{C1EAB09D-5472-47AC-9554-7566DDD892F7}.Release|x64.ActiveCfg = Release|x64
		{C1EAB09D-5472-47AC-9554-7566DDD892F7}.Release|x64.Build.0 = Release|x64
		{EEC0ED61-1D8A-4160-A45A-00268172BEC9}.Debug|Any CPU.ActiveCfg = Debug|Any CPU
		{EEC0ED61-1D8A-4160-A45A-00268172BEC9}.Debug|Any CPU.Build.0 = Debug|Any CPU
		{EEC0ED61-1D8A-4160-A45A-00268172BEC9}.Debug|x64.ActiveCfg = Debug|x64
		{EEC0ED61-1D8A-4160-A45A-00268172BEC9}.Debug|x64.Build.0 = Debug|x64
		{EEC0ED61-1D8A-4160-A45A-00268172BEC9}.Release|Any CPU.ActiveCfg = Release|Any CPU
		{EEC0ED61-1D8A-4160-A45A-00268172BEC9}.Release|Any CPU.Build.0 = Release|Any CPU
		{EEC0ED61-1D8A-4160-A45A-00268172BEC9}.Release|x64.ActiveCfg = Release|x64
		{EEC0ED61-1D8A-4160-A45A-00268172BEC9}.Release|x64.Build.0 = Release|x64
		{E1772E47-415B-44E2-8E2F-3CC4B5F2A039}.Debug|Any CPU.ActiveCfg = Debug|Any CPU
		{E1772E47-415B-44E2-8E2F-3CC4B5F2A039}.Debug|Any CPU.Build.0 = Debug|Any CPU
		{E1772E47-415B-44E2-8E2F-3CC4B5F2A039}.Debug|x64.ActiveCfg = Debug|x64
		{E1772E47-415B-44E2-8E2F-3CC4B5F2A039}.Debug|x64.Build.0 = Debug|x64
		{E1772E47-415B-44E2-8E2F-3CC4B5F2A039}.Release|Any CPU.ActiveCfg = Release|Any CPU
		{E1772E47-415B-44E2-8E2F-3CC4B5F2A039}.Release|Any CPU.Build.0 = Release|Any CPU
		{E1772E47-415B-44E2-8E2F-3CC4B5F2A039}.Release|x64.ActiveCfg = Release|x64
		{E1772E47-415B-44E2-8E2F-3CC4B5F2A039}.Release|x64.Build.0 = Release|x64
		{F403BCB8-513F-4485-8456-4D30981B7A30}.Debug|Any CPU.ActiveCfg = Debug|Any CPU
		{F403BCB8-513F-4485-8456-4D30981B7A30}.Debug|Any CPU.Build.0 = Debug|Any CPU
		{F403BCB8-513F-4485-8456-4D30981B7A30}.Debug|x64.ActiveCfg = Debug|x64
		{F403BCB8-513F-4485-8456-4D30981B7A30}.Debug|x64.Build.0 = Debug|x64
		{F403BCB8-513F-4485-8456-4D30981B7A30}.Release|Any CPU.ActiveCfg = Release|Any CPU
		{F403BCB8-513F-4485-8456-4D30981B7A30}.Release|Any CPU.Build.0 = Release|Any CPU
		{F403BCB8-513F-4485-8456-4D30981B7A30}.Release|x64.ActiveCfg = Release|x64
		{F403BCB8-513F-4485-8456-4D30981B7A30}.Release|x64.Build.0 = Release|x64
		{65DC8D39-186B-4380-AA3C-67ADB6E82034}.Debug|Any CPU.ActiveCfg = Debug|Any CPU
		{65DC8D39-186B-4380-AA3C-67ADB6E82034}.Debug|Any CPU.Build.0 = Debug|Any CPU
		{65DC8D39-186B-4380-AA3C-67ADB6E82034}.Debug|x64.ActiveCfg = Debug|x64
		{65DC8D39-186B-4380-AA3C-67ADB6E82034}.Debug|x64.Build.0 = Debug|x64
		{65DC8D39-186B-4380-AA3C-67ADB6E82034}.Release|Any CPU.ActiveCfg = Release|Any CPU
		{65DC8D39-186B-4380-AA3C-67ADB6E82034}.Release|Any CPU.Build.0 = Release|Any CPU
		{65DC8D39-186B-4380-AA3C-67ADB6E82034}.Release|x64.ActiveCfg = Release|x64
		{65DC8D39-186B-4380-AA3C-67ADB6E82034}.Release|x64.Build.0 = Release|x64
		{1F87E4A0-4286-4AE4-B890-FA51B83A34D3}.Debug|Any CPU.ActiveCfg = Debug|Any CPU
		{1F87E4A0-4286-4AE4-B890-FA51B83A34D3}.Debug|Any CPU.Build.0 = Debug|Any CPU
		{1F87E4A0-4286-4AE4-B890-FA51B83A34D3}.Debug|x64.ActiveCfg = Debug|x64
		{1F87E4A0-4286-4AE4-B890-FA51B83A34D3}.Debug|x64.Build.0 = Debug|x64
		{1F87E4A0-4286-4AE4-B890-FA51B83A34D3}.Release|Any CPU.ActiveCfg = Release|Any CPU
		{1F87E4A0-4286-4AE4-B890-FA51B83A34D3}.Release|Any CPU.Build.0 = Release|Any CPU
		{1F87E4A0-4286-4AE4-B890-FA51B83A34D3}.Release|x64.ActiveCfg = Release|x64
		{1F87E4A0-4286-4AE4-B890-FA51B83A34D3}.Release|x64.Build.0 = Release|x64
		{1F782795-1298-4371-81B3-C113F8642F82}.Debug|Any CPU.ActiveCfg = Debug|Any CPU
		{1F782795-1298-4371-81B3-C113F8642F82}.Debug|Any CPU.Build.0 = Debug|Any CPU
		{1F782795-1298-4371-81B3-C113F8642F82}.Debug|x64.ActiveCfg = Debug|x64
		{1F782795-1298-4371-81B3-C113F8642F82}.Debug|x64.Build.0 = Debug|x64
		{1F782795-1298-4371-81B3-C113F8642F82}.Release|Any CPU.ActiveCfg = Release|Any CPU
		{1F782795-1298-4371-81B3-C113F8642F82}.Release|Any CPU.Build.0 = Release|Any CPU
		{1F782795-1298-4371-81B3-C113F8642F82}.Release|x64.ActiveCfg = Release|x64
		{1F782795-1298-4371-81B3-C113F8642F82}.Release|x64.Build.0 = Release|x64
		{50A140A8-4AAD-4446-B5F6-50FCB0EE6752}.Debug|Any CPU.ActiveCfg = Debug|Any CPU
		{50A140A8-4AAD-4446-B5F6-50FCB0EE6752}.Debug|Any CPU.Build.0 = Debug|Any CPU
		{50A140A8-4AAD-4446-B5F6-50FCB0EE6752}.Debug|x64.ActiveCfg = Debug|x64
		{50A140A8-4AAD-4446-B5F6-50FCB0EE6752}.Debug|x64.Build.0 = Debug|x64
		{50A140A8-4AAD-4446-B5F6-50FCB0EE6752}.Release|Any CPU.ActiveCfg = Release|Any CPU
		{50A140A8-4AAD-4446-B5F6-50FCB0EE6752}.Release|Any CPU.Build.0 = Release|Any CPU
		{50A140A8-4AAD-4446-B5F6-50FCB0EE6752}.Release|x64.ActiveCfg = Release|x64
		{50A140A8-4AAD-4446-B5F6-50FCB0EE6752}.Release|x64.Build.0 = Release|x64
		{281FB35E-FE98-4929-95D2-C4BC74AF313B}.Debug|Any CPU.ActiveCfg = Debug|Any CPU
		{281FB35E-FE98-4929-95D2-C4BC74AF313B}.Debug|Any CPU.Build.0 = Debug|Any CPU
		{281FB35E-FE98-4929-95D2-C4BC74AF313B}.Debug|x64.ActiveCfg = Debug|Any CPU
		{281FB35E-FE98-4929-95D2-C4BC74AF313B}.Debug|x64.Build.0 = Debug|Any CPU
		{281FB35E-FE98-4929-95D2-C4BC74AF313B}.Release|Any CPU.ActiveCfg = Release|Any CPU
		{281FB35E-FE98-4929-95D2-C4BC74AF313B}.Release|Any CPU.Build.0 = Release|Any CPU
		{281FB35E-FE98-4929-95D2-C4BC74AF313B}.Release|x64.ActiveCfg = Release|Any CPU
		{281FB35E-FE98-4929-95D2-C4BC74AF313B}.Release|x64.Build.0 = Release|Any CPU
	EndGlobalSection
	GlobalSection(SolutionProperties) = preSolution
		HideSolutionNode = FALSE
	EndGlobalSection
	GlobalSection(ExtensibilityGlobals) = postSolution
		SolutionGuid = {E11F7E74-FBC0-4CEF-8969-61FD5F8CDBAC}
	EndGlobalSection
EndGlobal
