
Microsoft Visual Studio Solution File, Format Version 12.00
# Visual Studio Version 16
VisualStudioVersion = 16.0.29613.14
MinimumVisualStudioVersion = 10.0.40219.1
Project("{FAE04EC0-301F-11D3-BF4B-00C04F79EFBC}") = "CMotion.AdlinkAps", "CMotion.AdlinkAps.csproj", "{F403BCB8-513F-4485-8456-4D30981B7A30}"
EndProject
Global
	GlobalSection(SolutionConfigurationPlatforms) = preSolution
		Debug|Any CPU = Debug|Any CPU
		Release|Any CPU = Release|Any CPU
	EndGlobalSection
	GlobalSection(ProjectConfigurationPlatforms) = postSolution
		{F403BCB8-513F-4485-8456-4D30981B7A30}.Debug|Any CPU.ActiveCfg = Debug|Any CPU
		{F403BCB8-513F-4485-8456-4D30981B7A30}.Debug|Any CPU.Build.0 = Debug|Any CPU
		{F403BCB8-513F-4485-8456-4D30981B7A30}.Release|Any CPU.ActiveCfg = Release|Any CPU
		{F403BCB8-513F-4485-8456-4D30981B7A30}.Release|Any CPU.Build.0 = Release|Any CPU
	EndGlobalSection
	GlobalSection(SolutionProperties) = preSolution
		HideSolutionNode = FALSE
	EndGlobalSection
	GlobalSection(ExtensibilityGlobals) = postSolution
		SolutionGuid = {3D7CCE1F-6CC2-45AF-9116-E61D7521C643}
	EndGlobalSection
EndGlobal
